
Microsoft Visual Studio Solution File, Format Version 12.00
# Visual Studio Version 17
VisualStudioVersion = 17.1.32421.90
MinimumVisualStudioVersion = 10.0.40219.1
Project("{FAE04EC0-301F-11D3-BF4B-00C04F79EFBC}") = "ELABORAZIONE FILE CSV", "ELABORAZIONE FILE CSV\ELABORAZIONE FILE CSV.csproj", "{2D0DB983-7F35-4061-9B2E-721BEB104B2D}"
EndProject
Global
	GlobalSection(SolutionConfigurationPlatforms) = preSolution
		Debug|Any CPU = Debug|Any CPU
		Release|Any CPU = Release|Any CPU
	EndGlobalSection
	GlobalSection(ProjectConfigurationPlatforms) = postSolution
		{2D0DB983-7F35-4061-9B2E-721BEB104B2D}.Debug|Any CPU.ActiveCfg = Debug|Any CPU
		{2D0DB983-7F35-4061-9B2E-721BEB104B2D}.Debug|Any CPU.Build.0 = Debug|Any CPU
		{2D0DB983-7F35-4061-9B2E-721BEB104B2D}.Release|Any CPU.ActiveCfg = Release|Any CPU
		{2D0DB983-7F35-4061-9B2E-721BEB104B2D}.Release|Any CPU.Build.0 = Release|Any CPU
	EndGlobalSection
	GlobalSection(SolutionProperties) = preSolution
		HideSolutionNode = FALSE
	EndGlobalSection
	GlobalSection(ExtensibilityGlobals) = postSolution
		SolutionGuid = {99CF5C6E-8A46-4868-86F3-29636E195A8D}
	EndGlobalSection
EndGlobal
